
Microsoft Visual Studio Solution File, Format Version 12.00
# Visual Studio Version 16
VisualStudioVersion = 16.0.31410.357
MinimumVisualStudioVersion = 10.0.40219.1
Project("{9A19103F-16F7-4668-BE54-9A1E7A4F7556}") = "Searchify", "Searchify.csproj", "{62EE4A29-1F0D-4FB1-874C-F418189ACEA3}"
EndProject
Project("{FAE04EC0-301F-11D3-BF4B-00C04F79EFBC}") = "SearchTest", "..\SearchTest\SearchTest.csproj", "{B53E7B45-DF47-47CF-B0DF-95384E23DB44}"
EndProject
Global
	GlobalSection(SolutionConfigurationPlatforms) = preSolution
		Debug|Any CPU = Debug|Any CPU
		Release|Any CPU = Release|Any CPU
	EndGlobalSection
	GlobalSection(ProjectConfigurationPlatforms) = postSolution
		{62EE4A29-1F0D-4FB1-874C-F418189ACEA3}.Debug|Any CPU.ActiveCfg = Debug|Any CPU
		{62EE4A29-1F0D-4FB1-874C-F418189ACEA3}.Debug|Any CPU.Build.0 = Debug|Any CPU
		{62EE4A29-1F0D-4FB1-874C-F418189ACEA3}.Release|Any CPU.ActiveCfg = Release|Any CPU
		{62EE4A29-1F0D-4FB1-874C-F418189ACEA3}.Release|Any CPU.Build.0 = Release|Any CPU
		{B53E7B45-DF47-47CF-B0DF-95384E23DB44}.Debug|Any CPU.ActiveCfg = Debug|Any CPU
		{B53E7B45-DF47-47CF-B0DF-95384E23DB44}.Debug|Any CPU.Build.0 = Debug|Any CPU
		{B53E7B45-DF47-47CF-B0DF-95384E23DB44}.Release|Any CPU.ActiveCfg = Release|Any CPU
		{B53E7B45-DF47-47CF-B0DF-95384E23DB44}.Release|Any CPU.Build.0 = Release|Any CPU
	EndGlobalSection
	GlobalSection(SolutionProperties) = preSolution
		HideSolutionNode = FALSE
	EndGlobalSection
	GlobalSection(ExtensibilityGlobals) = postSolution
		SolutionGuid = {0AD52FA7-381D-4230-ACA6-F58270619655}
	EndGlobalSection
EndGlobal
